// !$*UTF8*$!
{
	archiveVersion = 1;
	classes = {
	};
	objectVersion = 46;
	objects = {

/* Begin PBXBuildFile section */
		262752501AC5EF8B00DCD221 /* FriendsTests.m in Sources */ = {isa = PBXBuildFile; fileRef = 2627524F1AC5EF8B00DCD221 /* FriendsTests.m */; };
		264C66F91AC5176F009ED889 /* friends.txt in Resources */ = {isa = PBXBuildFile; fileRef = 264C66F81AC5176F009ED889 /* friends.txt */; };
		264C66FC1AC51DA6009ED889 /* Friend.m in Sources */ = {isa = PBXBuildFile; fileRef = 264C66FB1AC51DA6009ED889 /* Friend.m */; };
		8778C3451ACA82C100FE6D7C /* chart.png in Resources */ = {isa = PBXBuildFile; fileRef = 8778C3441ACA82C100FE6D7C /* chart.png */; };
		87A568A91AB2457C0032D26F /* main.m in Sources */ = {isa = PBXBuildFile; fileRef = 87A568A81AB2457C0032D26F /* main.m */; };
		87A568AC1AB2457C0032D26F /* AppDelegate.m in Sources */ = {isa = PBXBuildFile; fileRef = 87A568AB1AB2457C0032D26F /* AppDelegate.m */; };
		87A568AF1AB2457C0032D26F /* MainViewController.m in Sources */ = {isa = PBXBuildFile; fileRef = 87A568AE1AB2457C0032D26F /* MainViewController.m */; };
		87A568B21AB2457C0032D26F /* Main.storyboard in Resources */ = {isa = PBXBuildFile; fileRef = 87A568B01AB2457C0032D26F /* Main.storyboard */; };
		87A568B41AB2457C0032D26F /* Images.xcassets in Resources */ = {isa = PBXBuildFile; fileRef = 87A568B31AB2457C0032D26F /* Images.xcassets */; };
		87A568B71AB2457C0032D26F /* LaunchScreen.xib in Resources */ = {isa = PBXBuildFile; fileRef = 87A568B51AB2457C0032D26F /* LaunchScreen.xib */; };
		87A568C31AB2457D0032D26F /* BikeWithFriendsTests.m in Sources */ = {isa = PBXBuildFile; fileRef = 87A568C21AB2457D0032D26F /* BikeWithFriendsTests.m */; };
		87A568D21AB250970032D26F /* AchievementsViewController.m in Sources */ = {isa = PBXBuildFile; fileRef = 87A568D11AB250970032D26F /* AchievementsViewController.m */; };
		87A568D51AB250A50032D26F /* StatisticsViewController.m in Sources */ = {isa = PBXBuildFile; fileRef = 87A568D41AB250A50032D26F /* StatisticsViewController.m */; };
		87A568D81AB250AD0032D26F /* NotificationsViewController.m in Sources */ = {isa = PBXBuildFile; fileRef = 87A568D71AB250AD0032D26F /* NotificationsViewController.m */; };
		87A568DB1AB250B60032D26F /* FriendsViewController.m in Sources */ = {isa = PBXBuildFile; fileRef = 87A568DA1AB250B60032D26F /* FriendsViewController.m */; };
		87A568DE1AB250C00032D26F /* BikingProgressViewController.m in Sources */ = {isa = PBXBuildFile; fileRef = 87A568DD1AB250C00032D26F /* BikingProgressViewController.m */; };
		87A568E11AB250EA0032D26F /* LoginViewController.m in Sources */ = {isa = PBXBuildFile; fileRef = 87A568E01AB250EA0032D26F /* LoginViewController.m */; };
		87A568EB1AB2517D0032D26F /* Friends.m in Sources */ = {isa = PBXBuildFile; fileRef = 87A568EA1AB2517D0032D26F /* Friends.m */; };
		87A568EE1AB2518D0032D26F /* Rides.m in Sources */ = {isa = PBXBuildFile; fileRef = 87A568ED1AB2518D0032D26F /* Rides.m */; };
		87A568F21AB289740032D26F /* FriendsListTableView.m in Sources */ = {isa = PBXBuildFile; fileRef = 87A568F11AB289740032D26F /* FriendsListTableView.m */; };
		87A568F51AB289820032D26F /* RequestSetupView.m in Sources */ = {isa = PBXBuildFile; fileRef = 87A568F41AB289820032D26F /* RequestSetupView.m */; };
		87A568F81AB28F370032D26F /* AddFriendsView.m in Sources */ = {isa = PBXBuildFile; fileRef = 87A568F71AB28F370032D26F /* AddFriendsView.m */; };
		87A568FB1AB290A40032D26F /* LogsViewController.m in Sources */ = {isa = PBXBuildFile; fileRef = 87A568FA1AB290A40032D26F /* LogsViewController.m */; };
		E9A2170E1ACCF3B0001DBF60 /* roadIcon.png in Resources */ = {isa = PBXBuildFile; fileRef = E9A2170D1ACCF3B0001DBF60 /* roadIcon.png */; };
		E9A217101ACCFFBB001DBF60 /* speedIcon.png in Resources */ = {isa = PBXBuildFile; fileRef = E9A2170F1ACCFFBB001DBF60 /* speedIcon.png */; };
		E9A217121ACD0228001DBF60 /* timerIcon.png in Resources */ = {isa = PBXBuildFile; fileRef = E9A217111ACD0228001DBF60 /* timerIcon.png */; };
		E9A217141ACD0468001DBF60 /* pauseIcon.png in Resources */ = {isa = PBXBuildFile; fileRef = E9A217131ACD0468001DBF60 /* pauseIcon.png */; };
		E9A217161ACD05B6001DBF60 /* playIcon.png in Resources */ = {isa = PBXBuildFile; fileRef = E9A217151ACD05B6001DBF60 /* playIcon.png */; };
		E9A217181ACD0630001DBF60 /* finishIcon.png in Resources */ = {isa = PBXBuildFile; fileRef = E9A217171ACD0630001DBF60 /* finishIcon.png */; };
/* End PBXBuildFile section */

/* Begin PBXContainerItemProxy section */
		87A568BD1AB2457D0032D26F /* PBXContainerItemProxy */ = {
			isa = PBXContainerItemProxy;
			containerPortal = 87A5689B1AB2457C0032D26F /* Project object */;
			proxyType = 1;
			remoteGlobalIDString = 87A568A21AB2457C0032D26F;
			remoteInfo = BikeWithFriends;
		};
/* End PBXContainerItemProxy section */

/* Begin PBXFileReference section */
		2627524F1AC5EF8B00DCD221 /* FriendsTests.m */ = {isa = PBXFileReference; fileEncoding = 4; lastKnownFileType = sourcecode.c.objc; path = FriendsTests.m; sourceTree = "<group>"; };
		264C66F81AC5176F009ED889 /* friends.txt */ = {isa = PBXFileReference; fileEncoding = 4; lastKnownFileType = text; path = friends.txt; sourceTree = "<group>"; };
		264C66FA1AC51DA6009ED889 /* Friend.h */ = {isa = PBXFileReference; fileEncoding = 4; lastKnownFileType = sourcecode.c.h; path = Friend.h; sourceTree = "<group>"; };
		264C66FB1AC51DA6009ED889 /* Friend.m */ = {isa = PBXFileReference; fileEncoding = 4; lastKnownFileType = sourcecode.c.objc; path = Friend.m; sourceTree = "<group>"; };
		8778C3441ACA82C100FE6D7C /* chart.png */ = {isa = PBXFileReference; lastKnownFileType = image.png; path = chart.png; sourceTree = "<group>"; };
		87A568A31AB2457C0032D26F /* BikeWithFriends.app */ = {isa = PBXFileReference; explicitFileType = wrapper.application; includeInIndex = 0; path = BikeWithFriends.app; sourceTree = BUILT_PRODUCTS_DIR; };
		87A568A71AB2457C0032D26F /* Info.plist */ = {isa = PBXFileReference; lastKnownFileType = text.plist.xml; path = Info.plist; sourceTree = "<group>"; };
		87A568A81AB2457C0032D26F /* main.m */ = {isa = PBXFileReference; lastKnownFileType = sourcecode.c.objc; path = main.m; sourceTree = "<group>"; };
		87A568AA1AB2457C0032D26F /* AppDelegate.h */ = {isa = PBXFileReference; lastKnownFileType = sourcecode.c.h; path = AppDelegate.h; sourceTree = "<group>"; };
		87A568AB1AB2457C0032D26F /* AppDelegate.m */ = {isa = PBXFileReference; lastKnownFileType = sourcecode.c.objc; path = AppDelegate.m; sourceTree = "<group>"; };
		87A568AD1AB2457C0032D26F /* MainViewController.h */ = {isa = PBXFileReference; lastKnownFileType = sourcecode.c.h; path = MainViewController.h; sourceTree = "<group>"; };
		87A568AE1AB2457C0032D26F /* MainViewController.m */ = {isa = PBXFileReference; lastKnownFileType = sourcecode.c.objc; path = MainViewController.m; sourceTree = "<group>"; };
		87A568B11AB2457C0032D26F /* Base */ = {isa = PBXFileReference; lastKnownFileType = file.storyboard; name = Base; path = Base.lproj/Main.storyboard; sourceTree = "<group>"; };
		87A568B31AB2457C0032D26F /* Images.xcassets */ = {isa = PBXFileReference; lastKnownFileType = folder.assetcatalog; path = Images.xcassets; sourceTree = "<group>"; };
		87A568B61AB2457C0032D26F /* Base */ = {isa = PBXFileReference; lastKnownFileType = file.xib; name = Base; path = Base.lproj/LaunchScreen.xib; sourceTree = "<group>"; };
		87A568BC1AB2457D0032D26F /* BikeWithFriendsTests.xctest */ = {isa = PBXFileReference; explicitFileType = wrapper.cfbundle; includeInIndex = 0; path = BikeWithFriendsTests.xctest; sourceTree = BUILT_PRODUCTS_DIR; };
		87A568C11AB2457D0032D26F /* Info.plist */ = {isa = PBXFileReference; lastKnownFileType = text.plist.xml; path = Info.plist; sourceTree = "<group>"; };
		87A568C21AB2457D0032D26F /* BikeWithFriendsTests.m */ = {isa = PBXFileReference; lastKnownFileType = sourcecode.c.objc; path = BikeWithFriendsTests.m; sourceTree = "<group>"; };
		87A568D01AB250970032D26F /* AchievementsViewController.h */ = {isa = PBXFileReference; fileEncoding = 4; lastKnownFileType = sourcecode.c.h; path = AchievementsViewController.h; sourceTree = "<group>"; };
		87A568D11AB250970032D26F /* AchievementsViewController.m */ = {isa = PBXFileReference; fileEncoding = 4; lastKnownFileType = sourcecode.c.objc; path = AchievementsViewController.m; sourceTree = "<group>"; };
		87A568D31AB250A50032D26F /* StatisticsViewController.h */ = {isa = PBXFileReference; fileEncoding = 4; lastKnownFileType = sourcecode.c.h; path = StatisticsViewController.h; sourceTree = "<group>"; };
		87A568D41AB250A50032D26F /* StatisticsViewController.m */ = {isa = PBXFileReference; fileEncoding = 4; lastKnownFileType = sourcecode.c.objc; path = StatisticsViewController.m; sourceTree = "<group>"; };
		87A568D61AB250AD0032D26F /* NotificationsViewController.h */ = {isa = PBXFileReference; fileEncoding = 4; lastKnownFileType = sourcecode.c.h; path = NotificationsViewController.h; sourceTree = "<group>"; };
		87A568D71AB250AD0032D26F /* NotificationsViewController.m */ = {isa = PBXFileReference; fileEncoding = 4; lastKnownFileType = sourcecode.c.objc; path = NotificationsViewController.m; sourceTree = "<group>"; };
		87A568D91AB250B60032D26F /* FriendsViewController.h */ = {isa = PBXFileReference; fileEncoding = 4; lastKnownFileType = sourcecode.c.h; path = FriendsViewController.h; sourceTree = "<group>"; };
		87A568DA1AB250B60032D26F /* FriendsViewController.m */ = {isa = PBXFileReference; fileEncoding = 4; lastKnownFileType = sourcecode.c.objc; path = FriendsViewController.m; sourceTree = "<group>"; };
		87A568DC1AB250C00032D26F /* BikingProgressViewController.h */ = {isa = PBXFileReference; fileEncoding = 4; lastKnownFileType = sourcecode.c.h; path = BikingProgressViewController.h; sourceTree = "<group>"; };
		87A568DD1AB250C00032D26F /* BikingProgressViewController.m */ = {isa = PBXFileReference; fileEncoding = 4; lastKnownFileType = sourcecode.c.objc; path = BikingProgressViewController.m; sourceTree = "<group>"; };
		87A568DF1AB250EA0032D26F /* LoginViewController.h */ = {isa = PBXFileReference; fileEncoding = 4; lastKnownFileType = sourcecode.c.h; path = LoginViewController.h; sourceTree = "<group>"; };
		87A568E01AB250EA0032D26F /* LoginViewController.m */ = {isa = PBXFileReference; fileEncoding = 4; lastKnownFileType = sourcecode.c.objc; path = LoginViewController.m; sourceTree = "<group>"; };
		87A568E91AB2517D0032D26F /* Friends.h */ = {isa = PBXFileReference; fileEncoding = 4; lastKnownFileType = sourcecode.c.h; path = Friends.h; sourceTree = "<group>"; };
		87A568EA1AB2517D0032D26F /* Friends.m */ = {isa = PBXFileReference; fileEncoding = 4; lastKnownFileType = sourcecode.c.objc; path = Friends.m; sourceTree = "<group>"; };
		87A568EC1AB2518D0032D26F /* Rides.h */ = {isa = PBXFileReference; fileEncoding = 4; lastKnownFileType = sourcecode.c.h; path = Rides.h; sourceTree = "<group>"; };
		87A568ED1AB2518D0032D26F /* Rides.m */ = {isa = PBXFileReference; fileEncoding = 4; lastKnownFileType = sourcecode.c.objc; path = Rides.m; sourceTree = "<group>"; };
		87A568EF1AB251A20032D26F /* Constants.h */ = {isa = PBXFileReference; lastKnownFileType = sourcecode.c.h; path = Constants.h; sourceTree = "<group>"; };
		87A568F01AB289740032D26F /* FriendsListTableView.h */ = {isa = PBXFileReference; fileEncoding = 4; lastKnownFileType = sourcecode.c.h; path = FriendsListTableView.h; sourceTree = "<group>"; };
		87A568F11AB289740032D26F /* FriendsListTableView.m */ = {isa = PBXFileReference; fileEncoding = 4; lastKnownFileType = sourcecode.c.objc; path = FriendsListTableView.m; sourceTree = "<group>"; };
		87A568F31AB289820032D26F /* RequestSetupView.h */ = {isa = PBXFileReference; fileEncoding = 4; lastKnownFileType = sourcecode.c.h; path = RequestSetupView.h; sourceTree = "<group>"; };
		87A568F41AB289820032D26F /* RequestSetupView.m */ = {isa = PBXFileReference; fileEncoding = 4; lastKnownFileType = sourcecode.c.objc; path = RequestSetupView.m; sourceTree = "<group>"; };
		87A568F61AB28F370032D26F /* AddFriendsView.h */ = {isa = PBXFileReference; fileEncoding = 4; lastKnownFileType = sourcecode.c.h; path = AddFriendsView.h; sourceTree = "<group>"; };
		87A568F71AB28F370032D26F /* AddFriendsView.m */ = {isa = PBXFileReference; fileEncoding = 4; lastKnownFileType = sourcecode.c.objc; path = AddFriendsView.m; sourceTree = "<group>"; };
		87A568F91AB290A40032D26F /* LogsViewController.h */ = {isa = PBXFileReference; fileEncoding = 4; lastKnownFileType = sourcecode.c.h; path = LogsViewController.h; sourceTree = "<group>"; };
		87A568FA1AB290A40032D26F /* LogsViewController.m */ = {isa = PBXFileReference; fileEncoding = 4; lastKnownFileType = sourcecode.c.objc; path = LogsViewController.m; sourceTree = "<group>"; };
		E97F5DE21AC67E69003969E9 /* BikingProgressDelegate.h */ = {isa = PBXFileReference; fileEncoding = 4; lastKnownFileType = sourcecode.c.h; path = BikingProgressDelegate.h; sourceTree = "<group>"; };
		E9A2170D1ACCF3B0001DBF60 /* roadIcon.png */ = {isa = PBXFileReference; lastKnownFileType = image.png; path = roadIcon.png; sourceTree = "<group>"; };
		E9A2170F1ACCFFBB001DBF60 /* speedIcon.png */ = {isa = PBXFileReference; lastKnownFileType = image.png; path = speedIcon.png; sourceTree = "<group>"; };
		E9A217111ACD0228001DBF60 /* timerIcon.png */ = {isa = PBXFileReference; lastKnownFileType = image.png; path = timerIcon.png; sourceTree = "<group>"; };
		E9A217131ACD0468001DBF60 /* pauseIcon.png */ = {isa = PBXFileReference; lastKnownFileType = image.png; path = pauseIcon.png; sourceTree = "<group>"; };
		E9A217151ACD05B6001DBF60 /* playIcon.png */ = {isa = PBXFileReference; lastKnownFileType = image.png; path = playIcon.png; sourceTree = "<group>"; };
		E9A217171ACD0630001DBF60 /* finishIcon.png */ = {isa = PBXFileReference; lastKnownFileType = image.png; path = finishIcon.png; sourceTree = "<group>"; };
/* End PBXFileReference section */

/* Begin PBXFrameworksBuildPhase section */
		87A568A01AB2457C0032D26F /* Frameworks */ = {
			isa = PBXFrameworksBuildPhase;
			buildActionMask = 2147483647;
			files = (
			);
			runOnlyForDeploymentPostprocessing = 0;
		};
		87A568B91AB2457D0032D26F /* Frameworks */ = {
			isa = PBXFrameworksBuildPhase;
			buildActionMask = 2147483647;
			files = (
			);
			runOnlyForDeploymentPostprocessing = 0;
		};
/* End PBXFrameworksBuildPhase section */

/* Begin PBXGroup section */
		87A5689A1AB2457C0032D26F = {
			isa = PBXGroup;
			children = (
				87A568A51AB2457C0032D26F /* BikeWithFriends */,
				87A568BF1AB2457D0032D26F /* BikeWithFriendsTests */,
				87A568A41AB2457C0032D26F /* Products */,
			);
			sourceTree = "<group>";
		};
		87A568A41AB2457C0032D26F /* Products */ = {
			isa = PBXGroup;
			children = (
				87A568A31AB2457C0032D26F /* BikeWithFriends.app */,
				87A568BC1AB2457D0032D26F /* BikeWithFriendsTests.xctest */,
			);
			name = Products;
			sourceTree = "<group>";
		};
		87A568A51AB2457C0032D26F /* BikeWithFriends */ = {
			isa = PBXGroup;
			children = (
				87A568CC1AB24C610032D26F /* App Delegate */,
				87A568CE1AB24C6C0032D26F /* Models */,
				87A568CD1AB24C660032D26F /* View Controllers */,
				87A568CF1AB24C6F0032D26F /* Tools */,
				87A568A61AB2457C0032D26F /* Supporting Files */,
			);
			path = BikeWithFriends;
			sourceTree = "<group>";
		};
		87A568A61AB2457C0032D26F /* Supporting Files */ = {
			isa = PBXGroup;
			children = (
				E9A217171ACD0630001DBF60 /* finishIcon.png */,
				E9A217151ACD05B6001DBF60 /* playIcon.png */,
				E9A217131ACD0468001DBF60 /* pauseIcon.png */,
				E9A217111ACD0228001DBF60 /* timerIcon.png */,
				E9A2170F1ACCFFBB001DBF60 /* speedIcon.png */,
				E9A2170D1ACCF3B0001DBF60 /* roadIcon.png */,
				8778C3441ACA82C100FE6D7C /* chart.png */,
				87A568A71AB2457C0032D26F /* Info.plist */,
				87A568A81AB2457C0032D26F /* main.m */,
			);
			name = "Supporting Files";
			sourceTree = "<group>";
		};
		87A568BF1AB2457D0032D26F /* BikeWithFriendsTests */ = {
			isa = PBXGroup;
			children = (
				87A568C21AB2457D0032D26F /* BikeWithFriendsTests.m */,
				2627524F1AC5EF8B00DCD221 /* FriendsTests.m */,
				87A568C01AB2457D0032D26F /* Supporting Files */,
			);
			path = BikeWithFriendsTests;
			sourceTree = "<group>";
		};
		87A568C01AB2457D0032D26F /* Supporting Files */ = {
			isa = PBXGroup;
			children = (
				87A568C11AB2457D0032D26F /* Info.plist */,
			);
			name = "Supporting Files";
			sourceTree = "<group>";
		};
		87A568CC1AB24C610032D26F /* App Delegate */ = {
			isa = PBXGroup;
			children = (
				87A568AA1AB2457C0032D26F /* AppDelegate.h */,
				87A568AB1AB2457C0032D26F /* AppDelegate.m */,
			);
			name = "App Delegate";
			sourceTree = "<group>";
		};
		87A568CD1AB24C660032D26F /* View Controllers */ = {
			isa = PBXGroup;
			children = (
				87A568E21AB250F40032D26F /* Login */,
				87A568E31AB251020032D26F /* Main Screen */,
				87A568E81AB251310032D26F /* Biking Progress */,
				87A568E51AB251170032D26F /* Notifications */,
				87A568E61AB2511B0032D26F /* Friends */,
				87A568E71AB2512D0032D26F /* Statistics */,
				87A568E41AB251130032D26F /* Achievements */,
			);
			name = "View Controllers";
			sourceTree = "<group>";
		};
		87A568CE1AB24C6C0032D26F /* Models */ = {
			isa = PBXGroup;
			children = (
				264C66FA1AC51DA6009ED889 /* Friend.h */,
				264C66FB1AC51DA6009ED889 /* Friend.m */,
				87A568E91AB2517D0032D26F /* Friends.h */,
				87A568EA1AB2517D0032D26F /* Friends.m */,
				87A568EC1AB2518D0032D26F /* Rides.h */,
				87A568ED1AB2518D0032D26F /* Rides.m */,
				264C66F81AC5176F009ED889 /* friends.txt */,
			);
			name = Models;
			sourceTree = "<group>";
		};
		87A568CF1AB24C6F0032D26F /* Tools */ = {
			isa = PBXGroup;
			children = (
				87A568B01AB2457C0032D26F /* Main.storyboard */,
				87A568B31AB2457C0032D26F /* Images.xcassets */,
				87A568B51AB2457C0032D26F /* LaunchScreen.xib */,
				87A568EF1AB251A20032D26F /* Constants.h */,
			);
			name = Tools;
			sourceTree = "<group>";
		};
		87A568E21AB250F40032D26F /* Login */ = {
			isa = PBXGroup;
			children = (
				87A568DF1AB250EA0032D26F /* LoginViewController.h */,
				87A568E01AB250EA0032D26F /* LoginViewController.m */,
			);
			name = Login;
			sourceTree = "<group>";
		};
		87A568E31AB251020032D26F /* Main Screen */ = {
			isa = PBXGroup;
			children = (
				87A568AD1AB2457C0032D26F /* MainViewController.h */,
				87A568AE1AB2457C0032D26F /* MainViewController.m */,
			);
			name = "Main Screen";
			sourceTree = "<group>";
		};
		87A568E41AB251130032D26F /* Achievements */ = {
			isa = PBXGroup;
			children = (
				87A568D01AB250970032D26F /* AchievementsViewController.h */,
				87A568D11AB250970032D26F /* AchievementsViewController.m */,
			);
			name = Achievements;
			sourceTree = "<group>";
		};
		87A568E51AB251170032D26F /* Notifications */ = {
			isa = PBXGroup;
			children = (
				87A568D61AB250AD0032D26F /* NotificationsViewController.h */,
				87A568D71AB250AD0032D26F /* NotificationsViewController.m */,
			);
			name = Notifications;
			sourceTree = "<group>";
		};
		87A568E61AB2511B0032D26F /* Friends */ = {
			isa = PBXGroup;
			children = (
				87A568D91AB250B60032D26F /* FriendsViewController.h */,
				87A568DA1AB250B60032D26F /* FriendsViewController.m */,
				87A568F61AB28F370032D26F /* AddFriendsView.h */,
				87A568F71AB28F370032D26F /* AddFriendsView.m */,
				87A568F01AB289740032D26F /* FriendsListTableView.h */,
				87A568F11AB289740032D26F /* FriendsListTableView.m */,
				87A568F31AB289820032D26F /* RequestSetupView.h */,
				87A568F41AB289820032D26F /* RequestSetupView.m */,
			);
			name = Friends;
			sourceTree = "<group>";
		};
		87A568E71AB2512D0032D26F /* Statistics */ = {
			isa = PBXGroup;
			children = (
				87A568D31AB250A50032D26F /* StatisticsViewController.h */,
				87A568D41AB250A50032D26F /* StatisticsViewController.m */,
				87A568F91AB290A40032D26F /* LogsViewController.h */,
				87A568FA1AB290A40032D26F /* LogsViewController.m */,
			);
			name = Statistics;
			sourceTree = "<group>";
		};
		87A568E81AB251310032D26F /* Biking Progress */ = {
			isa = PBXGroup;
			children = (
				87A568DC1AB250C00032D26F /* BikingProgressViewController.h */,
				87A568DD1AB250C00032D26F /* BikingProgressViewController.m */,
				E97F5DE21AC67E69003969E9 /* BikingProgressDelegate.h */,
			);
			name = "Biking Progress";
			sourceTree = "<group>";
		};
/* End PBXGroup section */

/* Begin PBXNativeTarget section */
		87A568A21AB2457C0032D26F /* BikeWithFriends */ = {
			isa = PBXNativeTarget;
			buildConfigurationList = 87A568C61AB2457D0032D26F /* Build configuration list for PBXNativeTarget "BikeWithFriends" */;
			buildPhases = (
				87A5689F1AB2457C0032D26F /* Sources */,
				87A568A01AB2457C0032D26F /* Frameworks */,
				87A568A11AB2457C0032D26F /* Resources */,
			);
			buildRules = (
			);
			dependencies = (
			);
			name = BikeWithFriends;
			productName = BikeWithFriends;
			productReference = 87A568A31AB2457C0032D26F /* BikeWithFriends.app */;
			productType = "com.apple.product-type.application";
		};
		87A568BB1AB2457D0032D26F /* BikeWithFriendsTests */ = {
			isa = PBXNativeTarget;
			buildConfigurationList = 87A568C91AB2457D0032D26F /* Build configuration list for PBXNativeTarget "BikeWithFriendsTests" */;
			buildPhases = (
				87A568B81AB2457D0032D26F /* Sources */,
				87A568B91AB2457D0032D26F /* Frameworks */,
				87A568BA1AB2457D0032D26F /* Resources */,
			);
			buildRules = (
			);
			dependencies = (
				87A568BE1AB2457D0032D26F /* PBXTargetDependency */,
			);
			name = BikeWithFriendsTests;
			productName = BikeWithFriendsTests;
			productReference = 87A568BC1AB2457D0032D26F /* BikeWithFriendsTests.xctest */;
			productType = "com.apple.product-type.bundle.unit-test";
		};
/* End PBXNativeTarget section */

/* Begin PBXProject section */
		87A5689B1AB2457C0032D26F /* Project object */ = {
			isa = PBXProject;
			attributes = {
				LastUpgradeCheck = 0620;
				ORGANIZATIONNAME = "Jenner Felton, Vanessa Ronan, Sarah Trisorus";
				TargetAttributes = {
					87A568A21AB2457C0032D26F = {
						CreatedOnToolsVersion = 6.2;
					};
					87A568BB1AB2457D0032D26F = {
						CreatedOnToolsVersion = 6.2;
						TestTargetID = 87A568A21AB2457C0032D26F;
					};
				};
			};
			buildConfigurationList = 87A5689E1AB2457C0032D26F /* Build configuration list for PBXProject "BikeWithFriends" */;
			compatibilityVersion = "Xcode 3.2";
			developmentRegion = English;
			hasScannedForEncodings = 0;
			knownRegions = (
				en,
				Base,
				he,
			);
			mainGroup = 87A5689A1AB2457C0032D26F;
			productRefGroup = 87A568A41AB2457C0032D26F /* Products */;
			projectDirPath = "";
			projectRoot = "";
			targets = (
				87A568A21AB2457C0032D26F /* BikeWithFriends */,
				87A568BB1AB2457D0032D26F /* BikeWithFriendsTests */,
			);
		};
/* End PBXProject section */

/* Begin PBXResourcesBuildPhase section */
		87A568A11AB2457C0032D26F /* Resources */ = {
			isa = PBXResourcesBuildPhase;
			buildActionMask = 2147483647;
			files = (
				E9A217161ACD05B6001DBF60 /* playIcon.png in Resources */,
				264C66F91AC5176F009ED889 /* friends.txt in Resources */,
				87A568B21AB2457C0032D26F /* Main.storyboard in Resources */,
				E9A217141ACD0468001DBF60 /* pauseIcon.png in Resources */,
				87A568B71AB2457C0032D26F /* LaunchScreen.xib in Resources */,
				8778C3451ACA82C100FE6D7C /* chart.png in Resources */,
				E9A217101ACCFFBB001DBF60 /* speedIcon.png in Resources */,
				E9A217181ACD0630001DBF60 /* finishIcon.png in Resources */,
				E9A217121ACD0228001DBF60 /* timerIcon.png in Resources */,
				E9A2170E1ACCF3B0001DBF60 /* roadIcon.png in Resources */,
				87A568B41AB2457C0032D26F /* Images.xcassets in Resources */,
			);
			runOnlyForDeploymentPostprocessing = 0;
		};
		87A568BA1AB2457D0032D26F /* Resources */ = {
			isa = PBXResourcesBuildPhase;
			buildActionMask = 2147483647;
			files = (
			);
			runOnlyForDeploymentPostprocessing = 0;
		};
/* End PBXResourcesBuildPhase section */

/* Begin PBXSourcesBuildPhase section */
		87A5689F1AB2457C0032D26F /* Sources */ = {
			isa = PBXSourcesBuildPhase;
			buildActionMask = 2147483647;
			files = (
				87A568F51AB289820032D26F /* RequestSetupView.m in Sources */,
				87A568D51AB250A50032D26F /* StatisticsViewController.m in Sources */,
				87A568F81AB28F370032D26F /* AddFriendsView.m in Sources */,
				87A568DE1AB250C00032D26F /* BikingProgressViewController.m in Sources */,
				87A568F21AB289740032D26F /* FriendsListTableView.m in Sources */,
				87A568AF1AB2457C0032D26F /* MainViewController.m in Sources */,
				87A568EB1AB2517D0032D26F /* Friends.m in Sources */,
				87A568DB1AB250B60032D26F /* FriendsViewController.m in Sources */,
				87A568AC1AB2457C0032D26F /* AppDelegate.m in Sources */,
				87A568E11AB250EA0032D26F /* LoginViewController.m in Sources */,
				87A568EE1AB2518D0032D26F /* Rides.m in Sources */,
				264C66FC1AC51DA6009ED889 /* Friend.m in Sources */,
				87A568FB1AB290A40032D26F /* LogsViewController.m in Sources */,
				87A568D21AB250970032D26F /* AchievementsViewController.m in Sources */,
				87A568A91AB2457C0032D26F /* main.m in Sources */,
				87A568D81AB250AD0032D26F /* NotificationsViewController.m in Sources */,
			);
			runOnlyForDeploymentPostprocessing = 0;
		};
		87A568B81AB2457D0032D26F /* Sources */ = {
			isa = PBXSourcesBuildPhase;
			buildActionMask = 2147483647;
			files = (
				87A568C31AB2457D0032D26F /* BikeWithFriendsTests.m in Sources */,
				262752501AC5EF8B00DCD221 /* FriendsTests.m in Sources */,
			);
			runOnlyForDeploymentPostprocessing = 0;
		};
/* End PBXSourcesBuildPhase section */

/* Begin PBXTargetDependency section */
		87A568BE1AB2457D0032D26F /* PBXTargetDependency */ = {
			isa = PBXTargetDependency;
			target = 87A568A21AB2457C0032D26F /* BikeWithFriends */;
			targetProxy = 87A568BD1AB2457D0032D26F /* PBXContainerItemProxy */;
		};
/* End PBXTargetDependency section */

/* Begin PBXVariantGroup section */
		87A568B01AB2457C0032D26F /* Main.storyboard */ = {
			isa = PBXVariantGroup;
			children = (
				87A568B11AB2457C0032D26F /* Base */,
			);
			name = Main.storyboard;
			sourceTree = "<group>";
		};
		87A568B51AB2457C0032D26F /* LaunchScreen.xib */ = {
			isa = PBXVariantGroup;
			children = (
				87A568B61AB2457C0032D26F /* Base */,
			);
			name = LaunchScreen.xib;
			sourceTree = "<group>";
		};
/* End PBXVariantGroup section */

/* Begin XCBuildConfiguration section */
		87A568C41AB2457D0032D26F /* Debug */ = {
			isa = XCBuildConfiguration;
			buildSettings = {
				ALWAYS_SEARCH_USER_PATHS = NO;
				CLANG_CXX_LANGUAGE_STANDARD = "gnu++0x";
				CLANG_CXX_LIBRARY = "libc++";
				CLANG_ENABLE_MODULES = YES;
				CLANG_ENABLE_OBJC_ARC = YES;
				CLANG_WARN_BOOL_CONVERSION = YES;
				CLANG_WARN_CONSTANT_CONVERSION = YES;
				CLANG_WARN_DIRECT_OBJC_ISA_USAGE = YES_ERROR;
				CLANG_WARN_EMPTY_BODY = YES;
				CLANG_WARN_ENUM_CONVERSION = YES;
				CLANG_WARN_INT_CONVERSION = YES;
				CLANG_WARN_OBJC_ROOT_CLASS = YES_ERROR;
				CLANG_WARN_UNREACHABLE_CODE = YES;
				CLANG_WARN__DUPLICATE_METHOD_MATCH = YES;
				"CODE_SIGN_IDENTITY[sdk=iphoneos*]" = "iPhone Developer";
				COPY_PHASE_STRIP = NO;
				ENABLE_STRICT_OBJC_MSGSEND = YES;
				GCC_C_LANGUAGE_STANDARD = gnu99;
				GCC_DYNAMIC_NO_PIC = NO;
				GCC_OPTIMIZATION_LEVEL = 0;
				GCC_PREPROCESSOR_DEFINITIONS = (
					"DEBUG=1",
					"$(inherited)",
				);
				GCC_SYMBOLS_PRIVATE_EXTERN = NO;
				GCC_WARN_64_TO_32_BIT_CONVERSION = YES;
				GCC_WARN_ABOUT_RETURN_TYPE = YES_ERROR;
				GCC_WARN_UNDECLARED_SELECTOR = YES;
				GCC_WARN_UNINITIALIZED_AUTOS = YES_AGGRESSIVE;
				GCC_WARN_UNUSED_FUNCTION = YES;
				GCC_WARN_UNUSED_VARIABLE = YES;
				IPHONEOS_DEPLOYMENT_TARGET = 8.2;
				MTL_ENABLE_DEBUG_INFO = YES;
				ONLY_ACTIVE_ARCH = YES;
				SDKROOT = iphoneos;
			};
			name = Debug;
		};
		87A568C51AB2457D0032D26F /* Release */ = {
			isa = XCBuildConfiguration;
			buildSettings = {
				ALWAYS_SEARCH_USER_PATHS = NO;
				CLANG_CXX_LANGUAGE_STANDARD = "gnu++0x";
				CLANG_CXX_LIBRARY = "libc++";
				CLANG_ENABLE_MODULES = YES;
				CLANG_ENABLE_OBJC_ARC = YES;
				CLANG_WARN_BOOL_CONVERSION = YES;
				CLANG_WARN_CONSTANT_CONVERSION = YES;
				CLANG_WARN_DIRECT_OBJC_ISA_USAGE = YES_ERROR;
				CLANG_WARN_EMPTY_BODY = YES;
				CLANG_WARN_ENUM_CONVERSION = YES;
				CLANG_WARN_INT_CONVERSION = YES;
				CLANG_WARN_OBJC_ROOT_CLASS = YES_ERROR;
				CLANG_WARN_UNREACHABLE_CODE = YES;
				CLANG_WARN__DUPLICATE_METHOD_MATCH = YES;
				"CODE_SIGN_IDENTITY[sdk=iphoneos*]" = "iPhone Developer";
				COPY_PHASE_STRIP = NO;
				ENABLE_NS_ASSERTIONS = NO;
				ENABLE_STRICT_OBJC_MSGSEND = YES;
				GCC_C_LANGUAGE_STANDARD = gnu99;
				GCC_WARN_64_TO_32_BIT_CONVERSION = YES;
				GCC_WARN_ABOUT_RETURN_TYPE = YES_ERROR;
				GCC_WARN_UNDECLARED_SELECTOR = YES;
				GCC_WARN_UNINITIALIZED_AUTOS = YES_AGGRESSIVE;
				GCC_WARN_UNUSED_FUNCTION = YES;
				GCC_WARN_UNUSED_VARIABLE = YES;
				IPHONEOS_DEPLOYMENT_TARGET = 8.2;
				MTL_ENABLE_DEBUG_INFO = NO;
				SDKROOT = iphoneos;
				VALIDATE_PRODUCT = YES;
			};
			name = Release;
		};
		87A568C71AB2457D0032D26F /* Debug */ = {
			isa = XCBuildConfiguration;
			buildSettings = {
				ASSETCATALOG_COMPILER_APPICON_NAME = AppIcon;
				FRAMEWORK_SEARCH_PATHS = (
					"$(inherited)",
					"$(PROJECT_DIR)/BikeWithFriends/FacebookSDK",
				);
				INFOPLIST_FILE = BikeWithFriends/Info.plist;
				LD_RUNPATH_SEARCH_PATHS = "$(inherited) @executable_path/Frameworks";
				PRODUCT_NAME = "$(TARGET_NAME)";
			};
			name = Debug;
		};
		87A568C81AB2457D0032D26F /* Release */ = {
			isa = XCBuildConfiguration;
			buildSettings = {
				ASSETCATALOG_COMPILER_APPICON_NAME = AppIcon;
				FRAMEWORK_SEARCH_PATHS = (
					"$(inherited)",
					"$(PROJECT_DIR)/BikeWithFriends/FacebookSDK",
				);
				INFOPLIST_FILE = BikeWithFriends/Info.plist;
				LD_RUNPATH_SEARCH_PATHS = "$(inherited) @executable_path/Frameworks";
				PRODUCT_NAME = "$(TARGET_NAME)";
			};
			name = Release;
		};
		87A568CA1AB2457D0032D26F /* Debug */ = {
			isa = XCBuildConfiguration;
			buildSettings = {
				BUNDLE_LOADER = "$(TEST_HOST)";
				FRAMEWORK_SEARCH_PATHS = (
					"$(SDKROOT)/Developer/Library/Frameworks",
					"$(inherited)",
				);
				GCC_PREPROCESSOR_DEFINITIONS = (
					"DEBUG=1",
					"$(inherited)",
				);
				INFOPLIST_FILE = BikeWithFriendsTests/Info.plist;
				LD_RUNPATH_SEARCH_PATHS = "$(inherited) @executable_path/Frameworks @loader_path/Frameworks";
				PRODUCT_NAME = "$(TARGET_NAME)";
				TEST_HOST = "$(BUILT_PRODUCTS_DIR)/BikeWithFriends.app/BikeWithFriends";
			};
			name = Debug;
		};
		87A568CB1AB2457D0032D26F /* Release */ = {
			isa = XCBuildConfiguration;
			buildSettings = {
				BUNDLE_LOADER = "$(TEST_HOST)";
				FRAMEWORK_SEARCH_PATHS = (
					"$(SDKROOT)/Developer/Library/Frameworks",
					"$(inherited)",
				);
				INFOPLIST_FILE = BikeWithFriendsTests/Info.plist;
				LD_RUNPATH_SEARCH_PATHS = "$(inherited) @executable_path/Frameworks @loader_path/Frameworks";
				PRODUCT_NAME = "$(TARGET_NAME)";
				TEST_HOST = "$(BUILT_PRODUCTS_DIR)/BikeWithFriends.app/BikeWithFriends";
			};
			name = Release;
		};
/* End XCBuildConfiguration section */

/* Begin XCConfigurationList section */
		87A5689E1AB2457C0032D26F /* Build configuration list for PBXProject "BikeWithFriends" */ = {
			isa = XCConfigurationList;
			buildConfigurations = (
				87A568C41AB2457D0032D26F /* Debug */,
				87A568C51AB2457D0032D26F /* Release */,
			);
			defaultConfigurationIsVisible = 0;
			defaultConfigurationName = Release;
		};
		87A568C61AB2457D0032D26F /* Build configuration list for PBXNativeTarget "BikeWithFriends" */ = {
			isa = XCConfigurationList;
			buildConfigurations = (
				87A568C71AB2457D0032D26F /* Debug */,
				87A568C81AB2457D0032D26F /* Release */,
			);
			defaultConfigurationIsVisible = 0;
			defaultConfigurationName = Release;
		};
		87A568C91AB2457D0032D26F /* Build configuration list for PBXNativeTarget "BikeWithFriendsTests" */ = {
			isa = XCConfigurationList;
			buildConfigurations = (
				87A568CA1AB2457D0032D26F /* Debug */,
				87A568CB1AB2457D0032D26F /* Release */,
			);
			defaultConfigurationIsVisible = 0;
			defaultConfigurationName = Release;
		};
/* End XCConfigurationList section */
	};
	rootObject = 87A5689B1AB2457C0032D26F /* Project object */;
}
